version = 1
revision = 3
requires-python = "==3.11.*"

[[package]]
name = "markdown-it-py"
version = "4.0.0"
source = { registry = "https://pypi.org/simple" }
dependencies = [
    { name = "mdurl" },
]
sdist = { url = "https://files.pythonhosted.org/packages/5b/f5/4ec618ed16cc4f8fb3b701563655a69816155e79e24a17b651541804721d/markdown_it_py-4.0.0.tar.gz", hash = "sha256:cb0a2b4aa34f932c007117b194e945bd74e0ec24133ceb5bac59009cda1cb9f3", size = 73070, upload-time = "2025-08-11T12:57:52.854Z" }
wheels = [
    { url = "https://files.pythonhosted.org/packages/94/54/e7d793b573f298e1c9013b8c4dade17d481164aa517d1d7148619c2cedbf/markdown_it_py-4.0.0-py3-none-any.whl", hash = "sha256:87327c59b172c5011896038353a81343b6754500a08cd7a4973bb48c6d578147", size = 87321, upload-time = "2025-08-11T12:57:51.923Z" },
]

[[package]]
name = "mdurl"
version = "0.1.2"
source = { registry = "https://pypi.org/simple" }
sdist = { url = "https://files.pythonhosted.org/packages/d6/54/cfe61301667036ec958cb99bd3efefba235e65cdeb9c84d24a8293ba1d90/mdurl-0.1.2.tar.gz", hash = "sha256:bb413d29f5eea38f31dd4754dd7377d4465116fb207585f97bf925588687c1ba", size = 8729, upload-time = "2022-08-14T12:40:10.846Z" }
wheels = [
    { url = "https://files.pythonhosted.org/packages/b3/38/89ba8ad64ae25be8de66a6d463314cf1eb366222074cfda9ee839c56a4b4/mdurl-0.1.2-py3-none-any.whl", hash = "sha256:84008a41e51615a49fc9966191ff91509e3c40b939176e643fd50a5c2196b8f8", size = 9979, upload-time = "2022-08-14T12:40:09.779Z" },
]

[[package]]
name = "numpy"
version = "2.4.1"
source = { registry = "https://pypi.org/simple" }
sdist = { url = "https://files.pythonhosted.org/packages/24/62/ae72ff66c0f1fd959925b4c11f8c2dea61f47f6acaea75a08512cdfe3fed/numpy-2.4.1.tar.gz", hash = "sha256:a1ceafc5042451a858231588a104093474c6a5c57dcc724841f5c888d237d690", size = 20721320, upload-time = "2026-01-10T06:44:59.619Z" }
wheels = [
    { url = "https://files.pythonhosted.org/packages/a5/34/2b1bc18424f3ad9af577f6ce23600319968a70575bd7db31ce66731bbef9/numpy-2.4.1-cp311-cp311-macosx_10_9_x86_64.whl", hash = "sha256:0cce2a669e3c8ba02ee563c7835f92c153cf02edff1ae05e1823f1dde21b16a5", size = 16944563, upload-time = "2026-01-10T06:42:14.615Z" },
    { url = "https://files.pythonhosted.org/packages/2c/57/26e5f97d075aef3794045a6ca9eada6a4ed70eb9a40e7a4a93f9ac80d704/numpy-2.4.1-cp311-cp311-macosx_11_0_arm64.whl", hash = "sha256:899d2c18024984814ac7e83f8f49d8e8180e2fbe1b2e252f2e7f1d06bea92425", size = 12645658, upload-time = "2026-01-10T06:42:17.298Z" },
    { url = "https://files.pythonhosted.org/packages/8e/ba/80fc0b1e3cb2fd5c6143f00f42eb67762aa043eaa05ca924ecc3222a7849/numpy-2.4.1-cp311-cp311-macosx_14_0_arm64.whl", hash = "sha256:09aa8a87e45b55a1c2c205d42e2808849ece5c484b2aab11fecabec3841cafba", size = 5474132, upload-time = "2026-01-10T06:42:19.637Z" },
    { url = "https://files.pythonhosted.org/packages/40/ae/0a5b9a397f0e865ec171187c78d9b57e5588afc439a04ba9cab1ebb2c945/numpy-2.4.1-cp311-cp311-macosx_14_0_x86_64.whl", hash = "sha256:edee228f76ee2dab4579fad6f51f6a305de09d444280109e0f75df247ff21501", size = 6804159, upload-time = "2026-01-10T06:42:21.44Z" },
    { url = "https://files.pythonhosted.org/packages/86/9c/841c15e691c7085caa6fd162f063eff494099c8327aeccd509d1ab1e36ab/numpy-2.4.1-cp311-cp311-manylinux_2_27_aarch64.manylinux_2_28_aarch64.whl", hash = "sha256:a92f227dbcdc9e4c3e193add1a189a9909947d4f8504c576f4a732fd0b54240a", size = 14708058, upload-time = "2026-01-10T06:42:23.546Z" },
    { url = "https://files.pythonhosted.org/packages/5d/9d/7862db06743f489e6a502a3b93136d73aea27d97b2cf91504f70a27501d6/numpy-2.4.1-cp311-cp311-manylinux_2_27_x86_64.manylinux_2_28_x86_64.whl", hash = "sha256:538bf4ec353709c765ff75ae616c34d3c3dca1a68312727e8f2676ea644f8509", size = 16651501, upload-time = "2026-01-10T06:42:25.909Z" },
    { url = "https://files.pythonhosted.org/packages/a6/9c/6fc34ebcbd4015c6e5f0c0ce38264010ce8a546cb6beacb457b84a75dfc8/numpy-2.4.1-cp311-cp311-musllinux_1_2_aarch64.whl", hash = "sha256:ac08c63cb7779b85e9d5318e6c3518b424bc1f364ac4cb2c6136f12e5ff2dccc", size = 16492627, upload-time = "2026-01-10T06:42:28.938Z" },
    { url = "https://files.pythonhosted.org/packages/aa/63/2494a8597502dacda439f61b3c0db4da59928150e62be0e99395c3ad23c5/numpy-2.4.1-cp311-cp311-musllinux_1_2_x86_64.whl", hash = "sha256:4f9c360ecef085e5841c539a9a12b883dff005fbd7ce46722f5e9cef52634d82", size = 18585052, upload-time = "2026-01-10T06:42:31.312Z" },
    { url = "https://files.pythonhosted.org/packages/6a/93/098e1162ae7522fc9b618d6272b77404c4656c72432ecee3abc029aa3de0/numpy-2.4.1-cp311-cp311-win32.whl", hash = "sha256:0f118ce6b972080ba0758c6087c3617b5ba243d806268623dc34216d69099ba0", size = 6236575, upload-time = "2026-01-10T06:42:33.872Z" },
    { url = "https://files.pythonhosted.org/packages/8c/de/f5e79650d23d9e12f38a7bc6b03ea0835b9575494f8ec94c11c6e773b1b1/numpy-2.4.1-cp311-cp311-win_amd64.whl", hash = "sha256:18e14c4d09d55eef39a6ab5b08406e84bc6869c1e34eef45564804f90b7e0574", size = 12604479, upload-time = "2026-01-10T06:42:35.778Z" },
    { url = "https://files.pythonhosted.org/packages/dd/65/e1097a7047cff12ce3369bd003811516b20ba1078dbdec135e1cd7c16c56/numpy-2.4.1-cp311-cp311-win_arm64.whl", hash = "sha256:6461de5113088b399d655d45c3897fa188766415d0f568f175ab071c8873bd73", size = 10578325, upload-time = "2026-01-10T06:42:38.518Z" },
    { url = "https://files.pythonhosted.org/packages/1e/48/d86f97919e79314a1cdee4c832178763e6e98e623e123d0bada19e92c15a/numpy-2.4.1-pp311-pypy311_pp73-macosx_10_15_x86_64.whl", hash = "sha256:8ad35f20be147a204e28b6a0575fbf3540c5e5f802634d4258d55b1ff5facce1", size = 16822202, upload-time = "2026-01-10T06:44:43.738Z" },
    { url = "https://files.pythonhosted.org/packages/51/e9/1e62a7f77e0f37dcfb0ad6a9744e65df00242b6ea37dfafb55debcbf5b55/numpy-2.4.1-pp311-pypy311_pp73-macosx_11_0_arm64.whl", hash = "sha256:8097529164c0f3e32bb89412a0905d9100bf434d9692d9fc275e18dcf53c9344", size = 12569985, upload-time = "2026-01-10T06:44:45.945Z" },
    { url = "https://files.pythonhosted.org/packages/c7/7e/914d54f0c801342306fdcdce3e994a56476f1b818c46c47fc21ae968088c/numpy-2.4.1-pp311-pypy311_pp73-macosx_14_0_arm64.whl", hash = "sha256:ea66d2b41ca4a1630aae5507ee0a71647d3124d1741980138aa8f28f44dac36e", size = 5398484, upload-time = "2026-01-10T06:44:48.012Z" },
    { url = "https://files.pythonhosted.org/packages/1c/d8/9570b68584e293a33474e7b5a77ca404f1dcc655e40050a600dee81d27fb/numpy-2.4.1-pp311-pypy311_pp73-macosx_14_0_x86_64.whl", hash = "sha256:d3f8f0df9f4b8be57b3bf74a1d087fec68f927a2fab68231fdb442bf2c12e426", size = 6713216, upload-time = "2026-01-10T06:44:49.725Z" },
    { url = "https://files.pythonhosted.org/packages/33/9b/9dd6e2db8d49eb24f86acaaa5258e5f4c8ed38209a4ee9de2d1a0ca25045/numpy-2.4.1-pp311-pypy311_pp73-manylinux_2_27_aarch64.manylinux_2_28_aarch64.whl", hash = "sha256:2023ef86243690c2791fd6353e5b4848eedaa88ca8a2d129f462049f6d484696", size = 14538937, upload-time = "2026-01-10T06:44:51.498Z" },
    { url = "https://files.pythonhosted.org/packages/53/87/d5bd995b0f798a37105b876350d346eea5838bd8f77ea3d7a48392f3812b/numpy-2.4.1-pp311-pypy311_pp73-manylinux_2_27_x86_64.manylinux_2_28_x86_64.whl", hash = "sha256:8361ea4220d763e54cff2fbe7d8c93526b744f7cd9ddab47afeff7e14e8503be", size = 16479830, upload-time = "2026-01-10T06:44:53.931Z" },
    { url = "https://files.pythonhosted.org/packages/5b/c7/b801bf98514b6ae6475e941ac05c58e6411dd863ea92916bfd6d510b08c1/numpy-2.4.1-pp311-pypy311_pp73-win_amd64.whl", hash = "sha256:4f1b68ff47680c2925f8063402a693ede215f0257f02596b1318ecdfb1d79e33", size = 12492579, upload-time = "2026-01-10T06:44:57.094Z" },
]

[[package]]
name = "openexr"
version = "3.4.4"
source = { registry = "https://pypi.org/simple" }
dependencies = [
    { name = "numpy" },
]
sdist = { url = "https://files.pythonhosted.org/packages/bd/9e/3111996e000859586d4cba01d9792b7081f2eab0d1d4afacd148534a6336/openexr-3.4.4.tar.gz", hash = "sha256:9bf1f559a3133bb9c5cbfdea74d867816a06a654189ecbc6b3b44c8276fa0441", size = 25334958, upload-time = "2025-11-19T22:04:07.652Z" }
wheels = [
    { url = "https://files.pythonhosted.org/packages/49/ce/9cc3876be7306ade40df532ba962bee74cdd20520f84024992304b355fad/openexr-3.4.4-cp311-cp311-macosx_10_15_universal2.whl", hash = "sha256:ff3dc7bcdea6c874c18c29c7154f6444a37797891accc81037e2d1546dcb459e", size = 2152379, upload-time = "2025-11-19T22:03:08.091Z" },
    { url = "https://files.pythonhosted.org/packages/06/ce/c77a69c58f4883893eb81d71ba45074d02b07264de62fd11356269590900/openexr-3.4.4-cp311-cp311-macosx_10_15_x86_64.whl", hash = "sha256:c718205d2f2f662e43983fb542cab6d7c8e4ded1a20bfa8219104949c895a365", size = 1142993, upload-time = "2025-11-19T22:03:09.742Z" },
    { url = "https://files.pythonhosted.org/packages/43/00/ac6e64b3b88333ccdba31fa266ab5d71c3103bb2e4c1bebb843363ffcbc0/openexr-3.4.4-cp311-cp311-macosx_11_0_arm64.whl", hash = "sha256:a39eae2f8c61c7bc5e45fe281e94407386517551991a18a0fa8fa77d93c851bc", size = 1018780, upload-time = "2025-11-19T22:03:10.996Z" },
    { url = "https://files.pythonhosted.org/packages/55/da/92101814d62adca837f1a7c70f3a864a13097dbc11b80a6c82157b39c04e/openexr-3.4.4-cp311-cp311-manylinux2014_aarch64.manylinux_2_17_aarch64.whl", hash = "sha256:1a476dc05409b7225d207c08734d1169d53e4efc2a2723f5e6e8408f3a9fee21", size = 1159867, upload-time = "2025-11-19T22:03:12.466Z" },
    { url = "https://files.pythonhosted.org/packages/54/8c/f1e1ba6ba5766cd7cd5dde80998101f30064707dc607d0a4de7475e80227/openexr-3.4.4-cp311-cp311-manylinux2014_x86_64.manylinux_2_17_x86_64.whl", hash = "sha256:959b9d62798db5f93278e24254326b62bf971a08ff4481e177b300b457ba375d", size = 1289580, upload-time = "2025-11-19T22:03:13.757Z" },
    { url = "https://files.pythonhosted.org/packages/cc/38/efbbe92d4968ea1bf4e8e1661e503840a46fa354fbf16abe8b2019964d1c/openexr-3.4.4-cp311-cp311-musllinux_1_2_aarch64.whl", hash = "sha256:c6fb430916c52b0eb190413b41c42ed53fd159a48cb9f40b1ccde88c6cfd9a3b", size = 2150155, upload-time = "2025-11-19T22:03:15.037Z" },
    { url = "https://files.pythonhosted.org/packages/2e/e3/7c642bec6476db9ecb212e1aebe59f56ea7955ad993d667f65d642a5dce6/openexr-3.4.4-cp311-cp311-musllinux_1_2_x86_64.whl", hash = "sha256:138d98d3b206468bce4b77874157eaadd508cf6840fb5cc653b7a9df901d0b08", size = 2330175, upload-time = "2025-11-19T22:03:16.825Z" },
    { url = "https://files.pythonhosted.org/packages/d0/26/5fcf92bb666c289e7a3fbe23ecf166f67fcbbea5a6565089da516379b829/openexr-3.4.4-cp311-cp311-win_amd64.whl", hash = "sha256:b0dc990078f120b859d21ea5357e829f76e4fea79ef4f1fd630d544e3cc8d2af", size = 727399, upload-time = "2025-11-19T22:03:18.317Z" },
]

[[package]]
name = "pillow"
version = "12.1.0"
source = { registry = "https://pypi.org/simple" }
sdist = { url = "https://files.pythonhosted.org/packages/d0/02/d52c733a2452ef1ffcc123b68e6606d07276b0e358db70eabad7e40042b7/pillow-12.1.0.tar.gz", hash = "sha256:5c5ae0a06e9ea030ab786b0251b32c7e4ce10e58d983c0d5c56029455180b5b9", size = 46977283, upload-time = "2026-01-02T09:13:29.892Z" }
wheels = [
    { url = "https://files.pythonhosted.org/packages/43/c4/bf8328039de6cc22182c3ef007a2abfbbdab153661c0a9aa78af8d706391/pillow-12.1.0-cp311-cp311-macosx_10_10_x86_64.whl", hash = "sha256:a83e0850cb8f5ac975291ebfc4170ba481f41a28065277f7f735c202cd8e0af3", size = 5304057, upload-time = "2026-01-02T09:10:46.627Z" },
    { url = "https://files.pythonhosted.org/packages/43/06/7264c0597e676104cc22ca73ee48f752767cd4b1fe084662620b17e10120/pillow-12.1.0-cp311-cp311-macosx_11_0_arm64.whl", hash = "sha256:b6e53e82ec2db0717eabb276aa56cf4e500c9a7cec2c2e189b55c24f65a3e8c0", size = 4657811, upload-time = "2026-01-02T09:10:49.548Z" },
    { url = "https://files.pythonhosted.org/packages/72/64/f9189e44474610daf83da31145fa56710b627b5c4c0b9c235e34058f6b31/pillow-12.1.0-cp311-cp311-manylinux2014_aarch64.manylinux_2_17_aarch64.whl", hash = "sha256:40a8e3b9e8773876d6e30daed22f016509e3987bab61b3b7fe309d7019a87451", size = 6232243, upload-time = "2026-01-02T09:10:51.62Z" },
    { url = "https://files.pythonhosted.org/packages/ef/30/0df458009be6a4caca4ca2c52975e6275c387d4e5c95544e34138b41dc86/pillow-12.1.0-cp311-cp311-manylinux2014_x86_64.manylinux_2_17_x86_64.whl", hash = "sha256:800429ac32c9b72909c671aaf17ecd13110f823ddb7db4dfef412a5587c2c24e", size = 8037872, upload-time = "2026-01-02T09:10:53.446Z" },
    { url = "https://files.pythonhosted.org/packages/e4/86/95845d4eda4f4f9557e25381d70876aa213560243ac1a6d619c46caaedd9/pillow-12.1.0-cp311-cp311-manylinux_2_27_aarch64.manylinux_2_28_aarch64.whl", hash = "sha256:0b022eaaf709541b391ee069f0022ee5b36c709df71986e3f7be312e46f42c84", size = 6345398, upload-time = "2026-01-02T09:10:55.426Z" },
    { url = "https://files.pythonhosted.org/packages/5c/1f/8e66ab9be3aaf1435bc03edd1ebdf58ffcd17f7349c1d970cafe87af27d9/pillow-12.1.0-cp311-cp311-manylinux_2_27_x86_64.manylinux_2_28_x86_64.whl", hash = "sha256:1f345e7bc9d7f368887c712aa5054558bad44d2a301ddf9248599f4161abc7c0", size = 7034667, upload-time = "2026-01-02T09:10:57.11Z" },
    { url = "https://files.pythonhosted.org/packages/f9/f6/683b83cb9b1db1fb52b87951b1c0b99bdcfceaa75febf11406c19f82cb5e/pillow-12.1.0-cp311-cp311-musllinux_1_2_aarch64.whl", hash = "sha256:d70347c8a5b7ccd803ec0c85c8709f036e6348f1e6a5bf048ecd9c64d3550b8b", size = 6458743, upload-time = "2026-01-02T09:10:59.331Z" },
    { url = "https://files.pythonhosted.org/packages/9a/7d/de833d63622538c1d58ce5395e7c6cb7e7dce80decdd8bde4a484e095d9f/pillow-12.1.0-cp311-cp311-musllinux_1_2_x86_64.whl", hash = "sha256:1fcc52d86ce7a34fd17cb04e87cfdb164648a3662a6f20565910a99653d66c18", size = 7159342, upload-time = "2026-01-02T09:11:01.82Z" },
    { url = "https://files.pythonhosted.org/packages/8c/40/50d86571c9e5868c42b81fe7da0c76ca26373f3b95a8dd675425f4a92ec1/pillow-12.1.0-cp311-cp311-win32.whl", hash = "sha256:3ffaa2f0659e2f740473bcf03c702c39a8d4b2b7ffc629052028764324842c64", size = 6328655, upload-time = "2026-01-02T09:11:04.556Z" },
    { url = "https://files.pythonhosted.org/packages/6c/af/b1d7e301c4cd26cd45d4af884d9ee9b6fab893b0ad2450d4746d74a6968c/pillow-12.1.0-cp311-cp311-win_amd64.whl", hash = "sha256:806f3987ffe10e867bab0ddad45df1148a2b98221798457fa097ad85d6e8bc75", size = 7031469, upload-time = "2026-01-02T09:11:06.538Z" },
    { url = "https://files.pythonhosted.org/packages/48/36/d5716586d887fb2a810a4a61518a327a1e21c8b7134c89283af272efe84b/pillow-12.1.0-cp311-cp311-win_arm64.whl", hash = "sha256:9f5fefaca968e700ad1a4a9de98bf0869a94e397fe3524c4c9450c1445252304", size = 2452515, upload-time = "2026-01-02T09:11:08.226Z" },
    { url = "https://files.pythonhosted.org/packages/8b/bc/224b1d98cffd7164b14707c91aac83c07b047fbd8f58eba4066a3e53746a/pillow-12.1.0-pp311-pypy311_pp73-macosx_10_15_x86_64.whl", hash = "sha256:ca94b6aac0d7af2a10ba08c0f888b3d5114439b6b3ef39968378723622fed377", size = 5228605, upload-time = "2026-01-02T09:13:14.084Z" },
    { url = "https://files.pythonhosted.org/packages/0c/ca/49ca7769c4550107de049ed85208240ba0f330b3f2e316f24534795702ce/pillow-12.1.0-pp311-pypy311_pp73-macosx_11_0_arm64.whl", hash = "sha256:351889afef0f485b84078ea40fe33727a0492b9af3904661b0abbafee0355b72", size = 4622245, upload-time = "2026-01-02T09:13:15.964Z" },
    { url = "https://files.pythonhosted.org/packages/73/48/fac807ce82e5955bcc2718642b94b1bd22a82a6d452aea31cbb678cddf12/pillow-12.1.0-pp311-pypy311_pp73-manylinux2014_aarch64.manylinux_2_17_aarch64.whl", hash = "sha256:bb0984b30e973f7e2884362b7d23d0a348c7143ee559f38ef3eaab640144204c", size = 5247593, upload-time = "2026-01-02T09:13:17.913Z" },
    { url = "https://files.pythonhosted.org/packages/d2/95/3e0742fe358c4664aed4fd05d5f5373dcdad0b27af52aa0972568541e3f4/pillow-12.1.0-pp311-pypy311_pp73-manylinux2014_x86_64.manylinux_2_17_x86_64.whl", hash = "sha256:84cabc7095dd535ca934d57e9ce2a72ffd216e435a84acb06b2277b1de2689bd", size = 6989008, upload-time = "2026-01-02T09:13:20.083Z" },
    { url = "https://files.pythonhosted.org/packages/5a/74/fe2ac378e4e202e56d50540d92e1ef4ff34ed687f3c60f6a121bcf99437e/pillow-12.1.0-pp311-pypy311_pp73-manylinux_2_27_aarch64.manylinux_2_28_aarch64.whl", hash = "sha256:53d8b764726d3af1a138dd353116f774e3862ec7e3794e0c8781e30db0f35dfc", size = 5313824, upload-time = "2026-01-02T09:13:22.405Z" },
    { url = "https://files.pythonhosted.org/packages/f3/77/2a60dee1adee4e2655ac328dd05c02a955c1cd683b9f1b82ec3feb44727c/pillow-12.1.0-pp311-pypy311_pp73-manylinux_2_27_x86_64.manylinux_2_28_x86_64.whl", hash = "sha256:5da841d81b1a05ef940a8567da92decaa15bc4d7dedb540a8c219ad83d91808a", size = 5963278, upload-time = "2026-01-02T09:13:24.706Z" },
    { url = "https://files.pythonhosted.org/packages/2d/71/64e9b1c7f04ae0027f788a248e6297d7fcc29571371fe7d45495a78172c0/pillow-12.1.0-pp311-pypy311_pp73-win_amd64.whl", hash = "sha256:75af0b4c229ac519b155028fa1be632d812a519abba9b46b20e50c6caa184f19", size = 7029809, upload-time = "2026-01-02T09:13:26.541Z" },
]

[[package]]
name = "pygments"
version = "2.19.2"
source = { registry = "https://pypi.org/simple" }
sdist = { url = "https://files.pythonhosted.org/packages/b0/77/a5b8c569bf593b0140bde72ea885a803b82086995367bf2037de0159d924/pygments-2.19.2.tar.gz", hash = "sha256:636cb2477cec7f8952536970bc533bc43743542f70392ae026374600add5b887", size = 4968631, upload-time = "2025-06-21T13:39:12.283Z" }
wheels = [
    { url = "https://files.pythonhosted.org/packages/c7/21/705964c7812476f378728bdf590ca4b771ec72385c533964653c68e86bdc/pygments-2.19.2-py3-none-any.whl", hash = "sha256:86540386c03d588bb81d44bc3928634ff26449851e99741617ecb9037ee5ec0b", size = 1225217, upload-time = "2025-06-21T13:39:07.939Z" },
]

[[package]]
name = "pyopengl"
version = "3.1.10"
source = { registry = "https://pypi.org/simple" }
sdist = { url = "https://files.pythonhosted.org/packages/6f/16/912b7225d56284859cd9a672827f18be43f8012f8b7b932bc4bd959a298e/pyopengl-3.1.10.tar.gz", hash = "sha256:c4a02d6866b54eb119c8e9b3fb04fa835a95ab802dd96607ab4cdb0012df8335", size = 1915580, upload-time = "2025-08-18T02:33:01.76Z" }
wheels = [
    { url = "https://files.pythonhosted.org/packages/de/e4/1ba6f44e491c4eece978685230dde56b14d51a0365bc1b774ddaa94d14cd/pyopengl-3.1.10-py3-none-any.whl", hash = "sha256:794a943daced39300879e4e47bd94525280685f42dbb5a998d336cfff151d74f", size = 3194996, upload-time = "2025-08-18T02:32:59.902Z" },
]

[[package]]
name = "pysdl2"
version = "0.9.17"
source = { registry = "https://pypi.org/simple" }
sdist = { url = "https://files.pythonhosted.org/packages/d7/ff/8704d84ad4d25f0a7bf7912504f64575e432e8d57dfba2fe35f5b2db7e04/pysdl2-0.9.17.tar.gz", hash = "sha256:48c6ef01a4eb123db5f7e46e1a1b565675755b07e615f3fe20a623c94735b52b", size = 775955, upload-time = "2024-12-30T18:07:27.562Z" }
wheels = [
    { url = "https://files.pythonhosted.org/packages/5d/e2/399ea7900e7510096aeb41439e6f1540bef0bdf7e15cc2d8464e4adb71e8/PySDL2-0.9.17-py3-none-any.whl", hash = "sha256:fe923dbf5c7b27bbc1eb2bf58abfa793f8f13fd7ae8b27b1bc2de49920bcbd41", size = 583137, upload-time = "2024-12-30T18:07:25.987Z" },
]

[[package]]
name = "pysdl2-dll"
version = "2.32.0"
source = { registry = "https://pypi.org/simple" }
sdist = { url = "https://files.pythonhosted.org/packages/0e/9e/edc54eb68ebdb3e26302c330a6e2171ebb41179fa1245caa03b3ea89c930/pysdl2-dll-2.32.0.tar.gz", hash = "sha256:4ee29af075c0ca2f0f7a4478f9f01d1caa3b8bdcc5ea8492ef379d8528ddd821", size = 15377, upload-time = "2025-03-20T20:50:46.571Z" }
wheels = [
    { url = "https://files.pythonhosted.org/packages/6c/85/8e3290d674f96768efdf62c20630a018a4204d5192bc58af0eca55c2249c/pysdl2_dll-2.32.0-py2.py3-none-macosx_10_11_universal2.whl", hash = "sha256:61adecf7501e074a8b476eebffbc1661f1553681db8d01b3047a9674b737b9fa", size = 6579935, upload-time = "2025-03-20T20:53:03.319Z" },
    { url = "https://files.pythonhosted.org/packages/2a/7e/b699279c78f4ba978dbe17782b18f12909dc04ab1f42c6835aac365518c0/pysdl2_dll-2.32.0-py2.py3-none-macosx_10_11_x86_64.whl", hash = "sha256:745da0fd2bca264620fb65db8fbb473d230a2ddb649952c84b93592d663d95cc", size = 6579932, upload-time = "2025-03-20T20:53:04.686Z" },
    { url = "https://files.pythonhosted.org/packages/6b/fe/8a8d56f3674b6ab685ffc64a5bb3819f643717972f06690b19ba6d72c3e6/pysdl2_dll-2.32.0-py2.py3-none-manylinux2014_i686.whl", hash = "sha256:9f8c5945dda098037be08ff480a995d7c34b9e2e8afcf743de26e8e1ffff0e22", size = 4536089, upload-time = "2025-03-20T20:58:20.977Z" },
    { url = "https://files.pythonhosted.org/packages/ef/09/246560c698f6c857f522134b648e12b5a9fecb89a82abeb1ed36cf17f0f0/pysdl2_dll-2.32.0-py2.py3-none-manylinux2014_x86_64.whl", hash = "sha256:9086bd345be6d4e3463379703701a4ff6acdd2991a49f5722ad4f8bc86b26539", size = 4238730, upload-time = "2025-03-20T21:00:16.371Z" },
    { url = "https://files.pythonhosted.org/packages/a0/87/88203f9a7f72246a1388d7a8cb15045ba119ca4e79bb7d1ad624fe9519f6/pysdl2_dll-2.32.0-py2.py3-none-manylinux_2_28_aarch64.whl", hash = "sha256:c9a5c97b0647f9ddf9ad52f5f95b90d1dbf362ab52fcad0ff091e3f32663b257", size = 4437888, upload-time = "2025-03-20T20:59:27.021Z" },
    { url = "https://files.pythonhosted.org/packages/80/11/9bee58ff7aa742e7917d97a926ff3d1c2e9a67ac2e82244c4c50c51e3df8/pysdl2_dll-2.32.0-py2.py3-none-manylinux_2_28_x86_64.whl", hash = "sha256:490f1525c47ab00d8150ed1245fb306f02628d1b43f0e162e6903ed5c1a4a1ef", size = 5176310, upload-time = "2025-03-20T20:59:43.748Z" },
    { url = "https://files.pythonhosted.org/packages/2e/9c/f09d804737501b4813b3612c95e4d74dcbc0c82a51a74542ed8e5a4a27b0/pysdl2_dll-2.32.0-py2.py3-none-win32.whl", hash = "sha256:0139ce2160d8387fa4f9bbd5272b374be521e9dd133cd9a2d76c20a20d599bed", size = 3405412, upload-time = "2025-03-20T20:51:54.036Z" },
    { url = "https://files.pythonhosted.org/packages/47/ef/5ba6580e06aec8f1e3004269a6939457e63e4791ca1e36ab2e3492a120da/pysdl2_dll-2.32.0-py2.py3-none-win_amd64.whl", hash = "sha256:28f577907bf17df3b3600daebbf0534aeaa44af266430ba09c7e04ab3e22b41f", size = 4042963, upload-time = "2025-03-20T20:52:34.372Z" },
]

[[package]]
name = "rich"
version = "14.3.1"
source = { registry = "https://pypi.org/simple" }
dependencies = [
    { name = "markdown-it-py" },
    { name = "pygments" },
]
sdist = { url = "https://files.pythonhosted.org/packages/a1/84/4831f881aa6ff3c976f6d6809b58cdfa350593ffc0dc3c58f5f6586780fb/rich-14.3.1.tar.gz", hash = "sha256:b8c5f568a3a749f9290ec6bddedf835cec33696bfc1e48bcfecb276c7386e4b8", size = 230125, upload-time = "2026-01-24T21:40:44.847Z" }
wheels = [
    { url = "https://files.pythonhosted.org/packages/87/2a/a1810c8627b9ec8c57ec5ec325d306701ae7be50235e8fd81266e002a3cc/rich-14.3.1-py3-none-any.whl", hash = "sha256:da750b1aebbff0b372557426fb3f35ba56de8ef954b3190315eb64076d6fb54e", size = 309952, upload-time = "2026-01-24T21:40:42.969Z" },
]

[[package]]
name = "ruff"
version = "0.14.14"
source = { registry = "https://pypi.org/simple" }
sdist = { url = "https://files.pythonhosted.org/packages/2e/06/f71e3a86b2df0dfa2d2f72195941cd09b44f87711cb7fa5193732cb9a5fc/ruff-0.14.14.tar.gz", hash = "sha256:2d0f819c9a90205f3a867dbbd0be083bee9912e170fd7d9704cc8ae45824896b", size = 4515732, upload-time = "2026-01-22T22:30:17.527Z" }
wheels = [
    { url = "https://files.pythonhosted.org/packages/d2/89/20a12e97bc6b9f9f68343952da08a8099c57237aef953a56b82711d55edd/ruff-0.14.14-py3-none-linux_armv6l.whl", hash = "sha256:7cfe36b56e8489dee8fbc777c61959f60ec0f1f11817e8f2415f429552846aed", size = 10467650, upload-time = "2026-01-22T22:30:08.578Z" },
    { url = "https://files.pythonhosted.org/packages/a3/b1/c5de3fd2d5a831fcae21beda5e3589c0ba67eec8202e992388e4b17a6040/ruff-0.14.14-py3-none-macosx_10_12_x86_64.whl", hash = "sha256:6006a0082336e7920b9573ef8a7f52eec837add1265cc74e04ea8a4368cd704c", size = 10883245, upload-time = "2026-01-22T22:30:04.155Z" },
    { url = "https://files.pythonhosted.org/packages/b8/7c/3c1db59a10e7490f8f6f8559d1db8636cbb13dccebf18686f4e3c9d7c772/ruff-0.14.14-py3-none-macosx_11_0_arm64.whl", hash = "sha256:026c1d25996818f0bf498636686199d9bd0d9d6341c9c2c3b62e2a0198b758de", size = 10231273, upload-time = "2026-01-22T22:30:34.642Z" },
    { url = "https://files.pythonhosted.org/packages/a1/6e/5e0e0d9674be0f8581d1f5e0f0a04761203affce3232c1a1189d0e3b4dad/ruff-0.14.14-py3-none-manylinux_2_17_aarch64.manylinux2014_aarch64.whl", hash = "sha256:f666445819d31210b71e0a6d1c01e24447a20b85458eea25a25fe8142210ae0e", size = 10585753, upload-time = "2026-01-22T22:30:31.781Z" },
    { url = "https://files.pythonhosted.org/packages/23/09/754ab09f46ff1884d422dc26d59ba18b4e5d355be147721bb2518aa2a014/ruff-0.14.14-py3-none-manylinux_2_17_armv7l.manylinux2014_armv7l.whl", hash = "sha256:3c0f18b922c6d2ff9a5e6c3ee16259adc513ca775bcf82c67ebab7cbd9da5bc8", size = 10286052, upload-time = "2026-01-22T22:30:24.827Z" },
    { url = "https://files.pythonhosted.org/packages/c8/cc/e71f88dd2a12afb5f50733851729d6b571a7c3a35bfdb16c3035132675a0/ruff-0.14.14-py3-none-manylinux_2_17_i686.manylinux2014_i686.whl", hash = "sha256:1629e67489c2dea43e8658c3dba659edbfd87361624b4040d1df04c9740ae906", size = 11043637, upload-time = "2026-01-22T22:30:13.239Z" },
    { url = "https://files.pythonhosted.org/packages/67/b2/397245026352494497dac935d7f00f1468c03a23a0c5db6ad8fc49ca3fb2/ruff-0.14.14-py3-none-manylinux_2_17_ppc64.manylinux2014_ppc64.whl", hash = "sha256:27493a2131ea0f899057d49d303e4292b2cae2bb57253c1ed1f256fbcd1da480", size = 12194761, upload-time = "2026-01-22T22:30:22.542Z" },
    { url = "https://files.pythonhosted.org/packages/5b/06/06ef271459f778323112c51b7587ce85230785cd64e91772034ddb88f200/ruff-0.14.14-py3-none-manylinux_2_17_ppc64le.manylinux2014_ppc64le.whl", hash = "sha256:01ff589aab3f5b539e35db38425da31a57521efd1e4ad1ae08fc34dbe30bd7df", size = 12005701, upload-time = "2026-01-22T22:30:20.499Z" },
    { url = "https://files.pythonhosted.org/packages/41/d6/99364514541cf811ccc5ac44362f88df66373e9fec1b9d1c4cc830593fe7/ruff-0.14.14-py3-none-manylinux_2_17_s390x.manylinux2014_s390x.whl", hash = "sha256:1cc12d74eef0f29f51775f5b755913eb523546b88e2d733e1d701fe65144e89b", size = 11282455, upload-time = "2026-01-22T22:29:59.679Z" },
    { url = "https://files.pythonhosted.org/packages/ca/71/37daa46f89475f8582b7762ecd2722492df26421714a33e72ccc9a84d7a5/ruff-0.14.14-py3-none-manylinux_2_17_x86_64.manylinux2014_x86_64.whl", hash = "sha256:bb8481604b7a9e75eff53772496201690ce2687067e038b3cc31aaf16aa0b974", size = 11215882, upload-time = "2026-01-22T22:29:57.032Z" },
    { url = "https://files.pythonhosted.org/packages/2c/10/a31f86169ec91c0705e618443ee74ede0bdd94da0a57b28e72db68b2dbac/ruff-0.14.14-py3-none-manylinux_2_31_riscv64.whl", hash = "sha256:14649acb1cf7b5d2d283ebd2f58d56b75836ed8c6f329664fa91cdea19e76e66", size = 11180549, upload-time = "2026-01-22T22:30:27.175Z" },
    { url = "https://files.pythonhosted.org/packages/fd/1e/c723f20536b5163adf79bdd10c5f093414293cdf567eed9bdb7b83940f3f/ruff-0.14.14-py3-none-musllinux_1_2_aarch64.whl", hash = "sha256:e8058d2145566510790eab4e2fad186002e288dec5e0d343a92fe7b0bc1b3e13", size = 10543416, upload-time = "2026-01-22T22:30:01.964Z" },
    { url = "https://files.pythonhosted.org/packages/3e/34/8a84cea7e42c2d94ba5bde1d7a4fae164d6318f13f933d92da6d7c2041ff/ruff-0.14.14-py3-none-musllinux_1_2_armv7l.whl", hash = "sha256:e651e977a79e4c758eb807f0481d673a67ffe53cfa92209781dfa3a996cf8412", size = 10285491, upload-time = "2026-01-22T22:30:29.51Z" },
    { url = "https://files.pythonhosted.org/packages/55/ef/b7c5ea0be82518906c978e365e56a77f8de7678c8bb6651ccfbdc178c29f/ruff-0.14.14-py3-none-musllinux_1_2_i686.whl", hash = "sha256:cc8b22da8d9d6fdd844a68ae937e2a0adf9b16514e9a97cc60355e2d4b219fc3", size = 10733525, upload-time = "2026-01-22T22:30:06.499Z" },
    { url = "https://files.pythonhosted.org/packages/6a/5b/aaf1dfbcc53a2811f6cc0a1759de24e4b03e02ba8762daabd9b6bd8c59e3/ruff-0.14.14-py3-none-musllinux_1_2_x86_64.whl", hash = "sha256:16bc890fb4cc9781bb05beb5ab4cd51be9e7cb376bf1dd3580512b24eb3fda2b", size = 11315626, upload-time = "2026-01-22T22:30:36.848Z" },
    { url = "https://files.pythonhosted.org/packages/2c/aa/9f89c719c467dfaf8ad799b9bae0df494513fb21d31a6059cb5870e57e74/ruff-0.14.14-py3-none-win32.whl", hash = "sha256:b530c191970b143375b6a68e6f743800b2b786bbcf03a7965b06c4bf04568167", size = 10502442, upload-time = "2026-01-22T22:30:38.93Z" },
    { url = "https://files.pythonhosted.org/packages/87/44/90fa543014c45560cae1fffc63ea059fb3575ee6e1cb654562197e5d16fb/ruff-0.14.14-py3-none-win_amd64.whl", hash = "sha256:3dde1435e6b6fe5b66506c1dff67a421d0b7f6488d466f651c07f4cab3bf20fd", size = 11630486, upload-time = "2026-01-22T22:30:10.852Z" },
    { url = "https://files.pythonhosted.org/packages/9e/6a/40fee331a52339926a92e17ae748827270b288a35ef4a15c9c8f2ec54715/ruff-0.14.14-py3-none-win_arm64.whl", hash = "sha256:56e6981a98b13a32236a72a8da421d7839221fa308b223b9283312312e5ac76c", size = 10920448, upload-time = "2026-01-22T22:30:15.417Z" },
]

[[package]]
name = "ygo-fm-clone"
version = "0.1.0"
source = { virtual = "." }
dependencies = [
    { name = "numpy" },
    { name = "openexr" },
    { name = "pillow" },
    { name = "pyopengl" },
    { name = "pysdl2" },
    { name = "pysdl2-dll" },
    { name = "rich" },
    { name = "ruff" },
]

[package.metadata]
requires-dist = [
    { name = "numpy", specifier = ">=2.4.1" },
    { name = "openexr", specifier = ">=3.4.4" },
    { name = "pillow", specifier = ">=12.1.0" },
    { name = "pyopengl", specifier = ">=3.1.10" },
    { name = "pysdl2", specifier = ">=0.9.17" },
    { name = "pysdl2-dll", specifier = ">=2.32.0" },
    { name = "rich", specifier = ">=14.3.1" },
    { name = "ruff", specifier = ">=0.14.14" },
]
